// !$*UTF8*$!
{
	archiveVersion = 1;
	classes = {
	};
	objectVersion = 46;
	objects = {

/* Begin PBXBuildFile section */
		8ECC85D31C93C52400049936 /* main.m in Sources */ = {isa = PBXBuildFile; fileRef = 8ECC85D21C93C52400049936 /* main.m */; };
		8ECC85D61C93C52400049936 /* AppDelegate.m in Sources */ = {isa = PBXBuildFile; fileRef = 8ECC85D51C93C52400049936 /* AppDelegate.m */; };
		8ECC85D91C93C52400049936 /* ViewController.m in Sources */ = {isa = PBXBuildFile; fileRef = 8ECC85D81C93C52400049936 /* ViewController.m */; };
		8ECC85DC1C93C52400049936 /* Main.storyboard in Resources */ = {isa = PBXBuildFile; fileRef = 8ECC85DA1C93C52400049936 /* Main.storyboard */; };
		8ECC85DE1C93C52400049936 /* Assets.xcassets in Resources */ = {isa = PBXBuildFile; fileRef = 8ECC85DD1C93C52400049936 /* Assets.xcassets */; };
		8ECC85E11C93C52400049936 /* LaunchScreen.storyboard in Resources */ = {isa = PBXBuildFile; fileRef = 8ECC85DF1C93C52400049936 /* LaunchScreen.storyboard */; };
/* End PBXBuildFile section */

/* Begin PBXFileReference section */
		8ECC85CE1C93C52400049936 /* newFork.app */ = {isa = PBXFileReference; explicitFileType = wrapper.application; includeInIndex = 0; path = newFork.app; sourceTree = BUILT_PRODUCTS_DIR; };
		8ECC85D21C93C52400049936 /* main.m */ = {isa = PBXFileReference; lastKnownFileType = sourcecode.c.objc; path = main.m; sourceTree = "<group>"; };
		8ECC85D41C93C52400049936 /* AppDelegate.h */ = {isa = PBXFileReference; lastKnownFileType = sourcecode.c.h; path = AppDelegate.h; sourceTree = "<group>"; };
		8ECC85D51C93C52400049936 /* AppDelegate.m */ = {isa = PBXFileReference; lastKnownFileType = sourcecode.c.objc; path = AppDelegate.m; sourceTree = "<group>"; };
		8ECC85D71C93C52400049936 /* ViewController.h */ = {isa = PBXFileReference; lastKnownFileType = sourcecode.c.h; path = ViewController.h; sourceTree = "<group>"; };
		8ECC85D81C93C52400049936 /* ViewController.m */ = {isa = PBXFileReference; lastKnownFileType = sourcecode.c.objc; path = ViewController.m; sourceTree = "<group>"; };
		8ECC85DB1C93C52400049936 /* Base */ = {isa = PBXFileReference; lastKnownFileType = file.storyboard; name = Base; path = Base.lproj/Main.storyboard; sourceTree = "<group>"; };
		8ECC85DD1C93C52400049936 /* Assets.xcassets */ = {isa = PBXFileReference; lastKnownFileType = folder.assetcatalog; path = Assets.xcassets; sourceTree = "<group>"; };
		8ECC85E01C93C52400049936 /* Base */ = {isa = PBXFileReference; lastKnownFileType = file.storyboard; name = Base; path = Base.lproj/LaunchScreen.storyboard; sourceTree = "<group>"; };
		8ECC85E21C93C52400049936 /* Info.plist */ = {isa = PBXFileReference; lastKnownFileType = text.plist.xml; path = Info.plist; sourceTree = "<group>"; };
/* End PBXFileReference section */

/* Begin PBXFrameworksBuildPhase section */
		8ECC85CB1C93C52400049936 /* Frameworks */ = {
			isa = PBXFrameworksBuildPhase;
			buildActionMask = 2147483647;
			files = (
			);
			runOnlyForDeploymentPostprocessing = 0;
		};
/* End PBXFrameworksBuildPhase section */

/* Begin PBXGroup section */
		8ECC85C51C93C52400049936 = {
			isa = PBXGroup;
			children = (
				8ECC85D01C93C52400049936 /* newFork */,
				8ECC85CF1C93C52400049936 /* Products */,
			);
			sourceTree = "<group>";
		};
		8ECC85CF1C93C52400049936 /* Products */ = {
			isa = PBXGroup;
			children = (
				8ECC85CE1C93C52400049936 /* newFork.app */,
			);
			name = Products;
			sourceTree = "<group>";
		};
		8ECC85D01C93C52400049936 /* newFork */ = {
			isa = PBXGroup;
			children = (
				8ECC85D41C93C52400049936 /* AppDelegate.h */,
				8ECC85D51C93C52400049936 /* AppDelegate.m */,
				8ECC85D71C93C52400049936 /* ViewController.h */,
				8ECC85D81C93C52400049936 /* ViewController.m */,
				8ECC85DA1C93C52400049936 /* Main.storyboard */,
				8ECC85DD1C93C52400049936 /* Assets.xcassets */,
				8ECC85DF1C93C52400049936 /* LaunchScreen.storyboard */,
				8ECC85E21C93C52400049936 /* Info.plist */,
				8ECC85D11C93C52400049936 /* Supporting Files */,
			);
			path = newFork;
			sourceTree = "<group>";
		};
		8ECC85D11C93C52400049936 /* Supporting Files */ = {
			isa = PBXGroup;
			children = (
				8ECC85D21C93C52400049936 /* main.m */,
			);
			name = "Supporting Files";
			sourceTree = "<group>";
		};
/* End PBXGroup section */

/* Begin PBXNativeTarget section */
		8ECC85CD1C93C52400049936 /* newFork */ = {
			isa = PBXNativeTarget;
			buildConfigurationList = 8ECC85E51C93C52400049936 /* Build configuration list for PBXNativeTarget "newFork" */;
			buildPhases = (
				8ECC85CA1C93C52400049936 /* Sources */,
				8ECC85CB1C93C52400049936 /* Frameworks */,
				8ECC85CC1C93C52400049936 /* Resources */,
			);
			buildRules = (
			);
			dependencies = (
			);
			name = newFork;
			productName = newFork;
			productReference = 8ECC85CE1C93C52400049936 /* newFork.app */;
			productType = "com.apple.product-type.application";
		};
/* End PBXNativeTarget section */

/* Begin PBXProject section */
		8ECC85C61C93C52400049936 /* Project object */ = {
			isa = PBXProject;
			attributes = {
				LastUpgradeCheck = 0720;
				ORGANIZATIONNAME = zl;
				TargetAttributes = {
					8ECC85CD1C93C52400049936 = {
						CreatedOnToolsVersion = 7.2;
					};
				};
			};
			buildConfigurationList = 8ECC85C91C93C52400049936 /* Build configuration list for PBXProject "newFork" */;
			compatibilityVersion = "Xcode 3.2";
			developmentRegion = English;
			hasScannedForEncodings = 0;
			knownRegions = (
				en,
				Base,
			);
			mainGroup = 8ECC85C51C93C52400049936;
			productRefGroup = 8ECC85CF1C93C52400049936 /* Products */;
			projectDirPath = "";
			projectRoot = "";
			targets = (
				8ECC85CD1C93C52400049936 /* newFork */,
			);
		};
/* End PBXProject section */

/* Begin PBXResourcesBuildPhase section */
		8ECC85CC1C93C52400049936 /* Resources */ = {
			isa = PBXResourcesBuildPhase;
			buildActionMask = 2147483647;
			files = (
				8ECC85E11C93C52400049936 /* LaunchScreen.storyboard in Resources */,
				8ECC85DE1C93C52400049936 /* Assets.xcassets in Resources */,
				8ECC85DC1C93C52400049936 /* Main.storyboard in Resources */,
			);
			runOnlyForDeploymentPostprocessing = 0;
		};
/* End PBXResourcesBuildPhase section */

/* Begin PBXSourcesBuildPhase section */
		8ECC85CA1C93C52400049936 /* Sources */ = {
			isa = PBXSourcesBuildPhase;
			buildActionMask = 2147483647;
			files = (
				8ECC85D91C93C52400049936 /* ViewController.m in Sources */,
				8ECC85D61C93C52400049936 /* AppDelegate.m in Sources */,
				8ECC85D31C93C52400049936 /* main.m in Sources */,
			);
			runOnlyForDeploymentPostprocessing = 0;
		};
/* End PBXSourcesBuildPhase section */

/* Begin PBXVariantGroup section */
		8ECC85DA1C93C52400049936 /* Main.storyboard */ = {
			isa = PBXVariantGroup;
			children = (
				8ECC85DB1C93C52400049936 /* Base */,
			);
			name = Main.storyboard;
			sourceTree = "<group>";
		};
		8ECC85DF1C93C52400049936 /* LaunchScreen.storyboard */ = {
			isa = PBXVariantGroup;
			children = (
				8ECC85E01C93C52400049936 /* Base */,
			);
			name = LaunchScreen.storyboard;
			sourceTree = "<group>";
		};
/* End PBXVariantGroup section */

/* Begin XCBuildConfiguration section */
		8ECC85E31C93C52400049936 /* Debug */ = {
			isa = XCBuildConfiguration;
			buildSettings = {
				ALWAYS_SEARCH_USER_PATHS = NO;
				CLANG_CXX_LANGUAGE_STANDARD = "gnu++0x";
				CLANG_CXX_LIBRARY = "libc++";
				CLANG_ENABLE_MODULES = YES;
				CLANG_ENABLE_OBJC_ARC = YES;
				CLANG_WARN_BOOL_CONVERSION = YES;
				CLANG_WARN_CONSTANT_CONVERSION = YES;
				CLANG_WARN_DIRECT_OBJC_ISA_USAGE = YES_ERROR;
				CLANG_WARN_EMPTY_BODY = YES;
				CLANG_WARN_ENUM_CONVERSION = YES;
				CLANG_WARN_INT_CONVERSION = YES;
				CLANG_WARN_OBJC_ROOT_CLASS = YES_ERROR;
				CLANG_WARN_UNREACHABLE_CODE = YES;
				CLANG_WARN__DUPLICATE_METHOD_MATCH = YES;
				"CODE_SIGN_IDENTITY[sdk=iphoneos*]" = "iPhone Developer";
				COPY_PHASE_STRIP = NO;
				DEBUG_INFORMATION_FORMAT = dwarf;
				ENABLE_STRICT_OBJC_MSGSEND = YES;
				ENABLE_TESTABILITY = YES;
				GCC_C_LANGUAGE_STANDARD = gnu99;
				GCC_DYNAMIC_NO_PIC = NO;
				GCC_NO_COMMON_BLOCKS = YES;
				GCC_OPTIMIZATION_LEVEL = 0;
				GCC_PREPROCESSOR_DEFINITIONS = (
					"DEBUG=1",
					"$(inherited)",
				);
				GCC_WARN_64_TO_32_BIT_CONVERSION = YES;
				GCC_WARN_ABOUT_RETURN_TYPE = YES_ERROR;
				GCC_WARN_UNDECLARED_SELECTOR = YES;
				GCC_WARN_UNINITIALIZED_AUTOS = YES_AGGRESSIVE;
				GCC_WARN_UNUSED_FUNCTION = YES;
				GCC_WARN_UNUSED_VARIABLE = YES;
				IPHONEOS_DEPLOYMENT_TARGET = 9.2;
				MTL_ENABLE_DEBUG_INFO = YES;
				ONLY_ACTIVE_ARCH = YES;
				SDKROOT = iphoneos;
			};
			name = Debug;
		};
		8ECC85E41C93C52400049936 /* Release */ = {
			isa = XCBuildConfiguration;
			buildSettings = {
				ALWAYS_SEARCH_USER_PATHS = NO;
				CLANG_CXX_LANGUAGE_STANDARD = "gnu++0x";
				CLANG_CXX_LIBRARY = "libc++";
				CLANG_ENABLE_MODULES = YES;
				CLANG_ENABLE_OBJC_ARC = YES;
				CLANG_WARN_BOOL_CONVERSION = YES;
				CLANG_WARN_CONSTANT_CONVERSION = YES;
				CLANG_WARN_DIRECT_OBJC_ISA_USAGE = YES_ERROR;
				CLANG_WARN_EMPTY_BODY = YES;
				CLANG_WARN_ENUM_CONVERSION = YES;
				CLANG_WARN_INT_CONVERSION = YES;
				CLANG_WARN_OBJC_ROOT_CLASS = YES_ERROR;
				CLANG_WARN_UNREACHABLE_CODE = YES;
				CLANG_WARN__DUPLICATE_METHOD_MATCH = YES;
				"CODE_SIGN_IDENTITY[sdk=iphoneos*]" = "iPhone Developer";
				COPY_PHASE_STRIP = NO;
				DEBUG_INFORMATION_FORMAT = "dwarf-with-dsym";
				ENABLE_NS_ASSERTIONS = NO;
				ENABLE_STRICT_OBJC_MSGSEND = YES;
				GCC_C_LANGUAGE_STANDARD = gnu99;
				GCC_NO_COMMON_BLOCKS = YES;
				GCC_WARN_64_TO_32_BIT_CONVERSION = YES;
				GCC_WARN_ABOUT_RETURN_TYPE = YES_ERROR;
				GCC_WARN_UNDECLARED_SELECTOR = YES;
				GCC_WARN_UNINITIALIZED_AUTOS = YES_AGGRESSIVE;
				GCC_WARN_UNUSED_FUNCTION = YES;
				GCC_WARN_UNUSED_VARIABLE = YES;
				IPHONEOS_DEPLOYMENT_TARGET = 9.2;
				MTL_ENABLE_DEBUG_INFO = NO;
				SDKROOT = iphoneos;
				VALIDATE_PRODUCT = YES;
			};
			name = Release;
		};
		8ECC85E61C93C52400049936 /* Debug */ = {
			isa = XCBuildConfiguration;
			buildSettings = {
				ASSETCATALOG_COMPILER_APPICON_NAME = AppIcon;
				INFOPLIST_FILE = newFork/Info.plist;
				LD_RUNPATH_SEARCH_PATHS = "$(inherited) @executable_path/Frameworks";
				PRODUCT_BUNDLE_IDENTIFIER = com.pop.newFork;
				PRODUCT_NAME = "$(TARGET_NAME)";
			};
			name = Debug;
		};
		8ECC85E71C93C52400049936 /* Release */ = {
			isa = XCBuildConfiguration;
			buildSettings = {
				ASSETCATALOG_COMPILER_APPICON_NAME = AppIcon;
				INFOPLIST_FILE = newFork/Info.plist;
				LD_RUNPATH_SEARCH_PATHS = "$(inherited) @executable_path/Frameworks";
				PRODUCT_BUNDLE_IDENTIFIER = com.pop.newFork;
				PRODUCT_NAME = "$(TARGET_NAME)";
			};
			name = Release;
		};
/* End XCBuildConfiguration section */

/* Begin XCConfigurationList section */
		8ECC85C91C93C52400049936 /* Build configuration list for PBXProject "newFork" */ = {
			isa = XCConfigurationList;
			buildConfigurations = (
				8ECC85E31C93C52400049936 /* Debug */,
				8ECC85E41C93C52400049936 /* Release */,
			);
			defaultConfigurationIsVisible = 0;
			defaultConfigurationName = Release;
		};
		8ECC85E51C93C52400049936 /* Build configuration list for PBXNativeTarget "newFork" */ = {
			isa = XCConfigurationList;
			buildConfigurations = (
				8ECC85E61C93C52400049936 /* Debug */,
				8ECC85E71C93C52400049936 /* Release */,
			);
			defaultConfigurationIsVisible = 0;
		};
/* End XCConfigurationList section */
	};
	rootObject = 8ECC85C61C93C52400049936 /* Project object */;
}
